// !$*UTF8*$!
{
	archiveVersion = 1;
	classes = {
	};
	objectVersion = 45;
	objects = {

/* Begin PBXBuildFile section */
		A3289DAD122D707B00D89A88 /* SystemConfiguration.framework in Frameworks */ = {isa = PBXBuildFile; fileRef = A3F8C124119DEFD50035081C /* SystemConfiguration.framework */; };
		A3289DAE122D707B00D89A88 /* UIKit.framework in Frameworks */ = {isa = PBXBuildFile; fileRef = A3F8C126119DEFDE0035081C /* UIKit.framework */; };
		A3289DAF122D708700D89A88 /* NSDictionary+QueryString.m in Sources */ = {isa = PBXBuildFile; fileRef = A3F8C24B119DF7420035081C /* NSDictionary+QueryString.m */; };
		A3289DB0122D708700D89A88 /* NSString+QueryString.m in Sources */ = {isa = PBXBuildFile; fileRef = A3F8C24C119DF7420035081C /* NSString+QueryString.m */; };
		A3289DB1122D708700D89A88 /* NSURL+QueryInspector.m in Sources */ = {isa = PBXBuildFile; fileRef = A3F8C130119DF00D0035081C /* NSURL+QueryInspector.m */; };
		A3289DB2122D708700D89A88 /* LROAuth2Client.m in Sources */ = {isa = PBXBuildFile; fileRef = A3F8BFBB119DEE450035081C /* LROAuth2Client.m */; };
		A3289DB3122D708700D89A88 /* LROAuth2AccessToken.m in Sources */ = {isa = PBXBuildFile; fileRef = A3F8BFBE119DEE450035081C /* LROAuth2AccessToken.m */; };
		A3289EB6122D758F00D89A88 /* NSDictionary+QueryString.m in Sources */ = {isa = PBXBuildFile; fileRef = A3F8C24B119DF7420035081C /* NSDictionary+QueryString.m */; };
		A3289EB7122D758F00D89A88 /* NSString+QueryString.m in Sources */ = {isa = PBXBuildFile; fileRef = A3F8C24C119DF7420035081C /* NSString+QueryString.m */; };
		A3289EB8122D758F00D89A88 /* NSURL+QueryInspector.m in Sources */ = {isa = PBXBuildFile; fileRef = A3F8C130119DF00D0035081C /* NSURL+QueryInspector.m */; };
		A3289EB9122D758F00D89A88 /* LROAuth2Client.m in Sources */ = {isa = PBXBuildFile; fileRef = A3F8BFBB119DEE450035081C /* LROAuth2Client.m */; };
		A3289EBA122D758F00D89A88 /* LROAuth2AccessToken.m in Sources */ = {isa = PBXBuildFile; fileRef = A3F8BFBE119DEE450035081C /* LROAuth2AccessToken.m */; };
		A3289EBC122D758F00D89A88 /* SystemConfiguration.framework in Frameworks */ = {isa = PBXBuildFile; fileRef = A3F8C124119DEFD50035081C /* SystemConfiguration.framework */; };
		A3289EBD122D758F00D89A88 /* UIKit.framework in Frameworks */ = {isa = PBXBuildFile; fileRef = A3F8C126119DEFDE0035081C /* UIKit.framework */; };
		A3289FD6122D819500D89A88 /* LROAuth2Client.h in Headers */ = {isa = PBXBuildFile; fileRef = A3F8BFBA119DEE450035081C /* LROAuth2Client.h */; settings = {ATTRIBUTES = (Public, ); }; };
		A3289FD7122D819500D89A88 /* LROAuth2ClientDelegate.h in Headers */ = {isa = PBXBuildFile; fileRef = A3F8BFBC119DEE450035081C /* LROAuth2ClientDelegate.h */; settings = {ATTRIBUTES = (Public, ); }; };
		A3289FD8122D819500D89A88 /* LROAuth2AccessToken.h in Headers */ = {isa = PBXBuildFile; fileRef = A3F8BFBD119DEE450035081C /* LROAuth2AccessToken.h */; settings = {ATTRIBUTES = (Public, ); }; };
		A3289FD9122D819800D89A88 /* LROAuth2Client.h in Headers */ = {isa = PBXBuildFile; fileRef = A3F8BFBA119DEE450035081C /* LROAuth2Client.h */; settings = {ATTRIBUTES = (Public, ); }; };
		A3289FDA122D819800D89A88 /* LROAuth2ClientDelegate.h in Headers */ = {isa = PBXBuildFile; fileRef = A3F8BFBC119DEE450035081C /* LROAuth2ClientDelegate.h */; settings = {ATTRIBUTES = (Public, ); }; };
		A3289FDB122D819800D89A88 /* LROAuth2AccessToken.h in Headers */ = {isa = PBXBuildFile; fileRef = A3F8BFBD119DEE450035081C /* LROAuth2AccessToken.h */; settings = {ATTRIBUTES = (Public, ); }; };
		B263000A1244145900BD6522 /* ASIAuthenticationDialog.h in Headers */ = {isa = PBXBuildFile; fileRef = B263FD101244145800BD6522 /* ASIAuthenticationDialog.h */; };
		B263000B1244145900BD6522 /* ASIAuthenticationDialog.m in Sources */ = {isa = PBXBuildFile; fileRef = B263FD111244145800BD6522 /* ASIAuthenticationDialog.m */; };
		B263000C1244145900BD6522 /* ASICacheDelegate.h in Headers */ = {isa = PBXBuildFile; fileRef = B263FD121244145800BD6522 /* ASICacheDelegate.h */; };
		B263000D1244145900BD6522 /* ASIDownloadCache.h in Headers */ = {isa = PBXBuildFile; fileRef = B263FD131244145800BD6522 /* ASIDownloadCache.h */; };
		B263000E1244145900BD6522 /* ASIDownloadCache.m in Sources */ = {isa = PBXBuildFile; fileRef = B263FD141244145800BD6522 /* ASIDownloadCache.m */; };
		B263000F1244145900BD6522 /* ASIFormDataRequest.h in Headers */ = {isa = PBXBuildFile; fileRef = B263FD151244145800BD6522 /* ASIFormDataRequest.h */; };
		B26300101244145900BD6522 /* ASIFormDataRequest.m in Sources */ = {isa = PBXBuildFile; fileRef = B263FD161244145800BD6522 /* ASIFormDataRequest.m */; };
		B26300111244145900BD6522 /* ASIHTTPRequest.h in Headers */ = {isa = PBXBuildFile; fileRef = B263FD171244145800BD6522 /* ASIHTTPRequest.h */; };
		B26300121244145900BD6522 /* ASIHTTPRequest.m in Sources */ = {isa = PBXBuildFile; fileRef = B263FD181244145800BD6522 /* ASIHTTPRequest.m */; };
		B26300131244145900BD6522 /* ASIHTTPRequestConfig.h in Headers */ = {isa = PBXBuildFile; fileRef = B263FD191244145800BD6522 /* ASIHTTPRequestConfig.h */; };
		B26300141244145900BD6522 /* ASIHTTPRequestDelegate.h in Headers */ = {isa = PBXBuildFile; fileRef = B263FD1A1244145800BD6522 /* ASIHTTPRequestDelegate.h */; };
		B26300151244145900BD6522 /* ASIInputStream.h in Headers */ = {isa = PBXBuildFile; fileRef = B263FD1B1244145800BD6522 /* ASIInputStream.h */; };
		B26300161244145900BD6522 /* ASIInputStream.m in Sources */ = {isa = PBXBuildFile; fileRef = B263FD1C1244145800BD6522 /* ASIInputStream.m */; };
		B26300171244145900BD6522 /* ASINetworkQueue.h in Headers */ = {isa = PBXBuildFile; fileRef = B263FD1D1244145800BD6522 /* ASINetworkQueue.h */; };
		B26300181244145900BD6522 /* ASINetworkQueue.m in Sources */ = {isa = PBXBuildFile; fileRef = B263FD1E1244145800BD6522 /* ASINetworkQueue.m */; };
		B26300191244145900BD6522 /* ASIProgressDelegate.h in Headers */ = {isa = PBXBuildFile; fileRef = B263FD1F1244145800BD6522 /* ASIProgressDelegate.h */; };
		B26300CC1244145900BD6522 /* Reachability.h in Headers */ = {isa = PBXBuildFile; fileRef = B263FF1C1244145900BD6522 /* Reachability.h */; };
		B26300CD1244145900BD6522 /* Reachability.m in Sources */ = {isa = PBXBuildFile; fileRef = B263FF1D1244145900BD6522 /* Reachability.m */; };
		B26300EB1244145900BD6522 /* JSON.h in Headers */ = {isa = PBXBuildFile; fileRef = B263FF801244145900BD6522 /* JSON.h */; };
		B26300EC1244145900BD6522 /* NSObject+SBJSON.h in Headers */ = {isa = PBXBuildFile; fileRef = B263FF811244145900BD6522 /* NSObject+SBJSON.h */; };
		B26300ED1244145900BD6522 /* NSObject+SBJSON.m in Sources */ = {isa = PBXBuildFile; fileRef = B263FF821244145900BD6522 /* NSObject+SBJSON.m */; };
		B26300EE1244145900BD6522 /* NSString+SBJSON.h in Headers */ = {isa = PBXBuildFile; fileRef = B263FF831244145900BD6522 /* NSString+SBJSON.h */; };
		B26300EF1244145900BD6522 /* NSString+SBJSON.m in Sources */ = {isa = PBXBuildFile; fileRef = B263FF841244145900BD6522 /* NSString+SBJSON.m */; };
		B26300F01244145900BD6522 /* SBJsonBase.h in Headers */ = {isa = PBXBuildFile; fileRef = B263FF851244145900BD6522 /* SBJsonBase.h */; };
		B26300F11244145900BD6522 /* SBJsonBase.m in Sources */ = {isa = PBXBuildFile; fileRef = B263FF861244145900BD6522 /* SBJsonBase.m */; };
		B26300F21244145900BD6522 /* SBJsonParser.h in Headers */ = {isa = PBXBuildFile; fileRef = B263FF871244145900BD6522 /* SBJsonParser.h */; };
		B26300F31244145900BD6522 /* SBJsonParser.m in Sources */ = {isa = PBXBuildFile; fileRef = B263FF881244145900BD6522 /* SBJsonParser.m */; };
		B26300F41244145900BD6522 /* SBJsonWriter.h in Headers */ = {isa = PBXBuildFile; fileRef = B263FF891244145900BD6522 /* SBJsonWriter.h */; };
		B26300F51244145900BD6522 /* SBJsonWriter.m in Sources */ = {isa = PBXBuildFile; fileRef = B263FF8A1244145900BD6522 /* SBJsonWriter.m */; };
/* End PBXBuildFile section */

/* Begin PBXFileReference section */
		A3289D4B122D705500D89A88 /* libLROAuth2Client-Device.a */ = {isa = PBXFileReference; explicitFileType = archive.ar; includeInIndex = 0; path = "libLROAuth2Client-Device.a"; sourceTree = BUILT_PRODUCTS_DIR; };
		A3289EC3122D758F00D89A88 /* libLROAuth2Client-Simulator.a */ = {isa = PBXFileReference; explicitFileType = archive.ar; includeInIndex = 0; path = "libLROAuth2Client-Simulator.a"; sourceTree = BUILT_PRODUCTS_DIR; };
		A3F8BFBA119DEE450035081C /* LROAuth2Client.h */ = {isa = PBXFileReference; fileEncoding = 4; lastKnownFileType = sourcecode.c.h; path = LROAuth2Client.h; sourceTree = "<group>"; };
		A3F8BFBB119DEE450035081C /* LROAuth2Client.m */ = {isa = PBXFileReference; fileEncoding = 4; lastKnownFileType = sourcecode.c.objc; path = LROAuth2Client.m; sourceTree = "<group>"; };
		A3F8BFBC119DEE450035081C /* LROAuth2ClientDelegate.h */ = {isa = PBXFileReference; fileEncoding = 4; lastKnownFileType = sourcecode.c.h; path = LROAuth2ClientDelegate.h; sourceTree = "<group>"; };
		A3F8BFBD119DEE450035081C /* LROAuth2AccessToken.h */ = {isa = PBXFileReference; fileEncoding = 4; lastKnownFileType = sourcecode.c.h; path = LROAuth2AccessToken.h; sourceTree = "<group>"; };
		A3F8BFBE119DEE450035081C /* LROAuth2AccessToken.m */ = {isa = PBXFileReference; fileEncoding = 4; lastKnownFileType = sourcecode.c.objc; path = LROAuth2AccessToken.m; sourceTree = "<group>"; };
		A3F8C124119DEFD50035081C /* SystemConfiguration.framework */ = {isa = PBXFileReference; lastKnownFileType = wrapper.framework; name = SystemConfiguration.framework; path = System/Library/Frameworks/SystemConfiguration.framework; sourceTree = SDKROOT; };
		A3F8C126119DEFDE0035081C /* UIKit.framework */ = {isa = PBXFileReference; lastKnownFileType = wrapper.framework; name = UIKit.framework; path = System/Library/Frameworks/UIKit.framework; sourceTree = SDKROOT; };
		A3F8C12F119DF00C0035081C /* NSURL+QueryInspector.h */ = {isa = PBXFileReference; fileEncoding = 4; lastKnownFileType = sourcecode.c.h; path = "NSURL+QueryInspector.h"; sourceTree = "<group>"; };
		A3F8C130119DF00D0035081C /* NSURL+QueryInspector.m */ = {isa = PBXFileReference; fileEncoding = 4; lastKnownFileType = sourcecode.c.objc; path = "NSURL+QueryInspector.m"; sourceTree = "<group>"; };
		A3F8C24B119DF7420035081C /* NSDictionary+QueryString.m */ = {isa = PBXFileReference; fileEncoding = 4; lastKnownFileType = sourcecode.c.objc; path = "NSDictionary+QueryString.m"; sourceTree = "<group>"; };
		A3F8C24C119DF7420035081C /* NSString+QueryString.m */ = {isa = PBXFileReference; fileEncoding = 4; lastKnownFileType = sourcecode.c.objc; path = "NSString+QueryString.m"; sourceTree = "<group>"; };
		A3F8C254119DF7790035081C /* NSDictionary+QueryString.h */ = {isa = PBXFileReference; fileEncoding = 4; lastKnownFileType = sourcecode.c.h; path = "NSDictionary+QueryString.h"; sourceTree = "<group>"; };
		A3F8C258119DF79D0035081C /* NSString+QueryString.h */ = {isa = PBXFileReference; fileEncoding = 4; lastKnownFileType = sourcecode.c.h; path = "NSString+QueryString.h"; sourceTree = "<group>"; };
		AA747D9E0F9514B9006C5449 /* LROAuth2Client_Prefix.pch */ = {isa = PBXFileReference; fileEncoding = 4; lastKnownFileType = sourcecode.c.h; path = LROAuth2Client_Prefix.pch; sourceTree = "<group>"; };
		AACBBE490F95108600F1A2B1 /* Foundation.framework */ = {isa = PBXFileReference; lastKnownFileType = wrapper.framework; name = Foundation.framework; path = System/Library/Frameworks/Foundation.framework; sourceTree = SDKROOT; };
		B25E603F11CFB44E001DA5CD /* Test App-Info.plist */ = {isa = PBXFileReference; lastKnownFileType = text.plist.xml; path = "Test App-Info.plist"; sourceTree = "<group>"; };
		B25E609711CFB581001DA5CD /* CFNetwork.framework */ = {isa = PBXFileReference; lastKnownFileType = wrapper.framework; name = CFNetwork.framework; path = System/Library/Frameworks/CFNetwork.framework; sourceTree = SDKROOT; };
		B25E609B11CFB581001DA5CD /* MobileCoreServices.framework */ = {isa = PBXFileReference; lastKnownFileType = wrapper.framework; name = MobileCoreServices.framework; path = System/Library/Frameworks/MobileCoreServices.framework; sourceTree = SDKROOT; };
		B263FD101244145800BD6522 /* ASIAuthenticationDialog.h */ = {isa = PBXFileReference; fileEncoding = 4; lastKnownFileType = sourcecode.c.h; path = ASIAuthenticationDialog.h; sourceTree = "<group>"; };
		B263FD111244145800BD6522 /* ASIAuthenticationDialog.m */ = {isa = PBXFileReference; fileEncoding = 4; lastKnownFileType = sourcecode.c.objc; path = ASIAuthenticationDialog.m; sourceTree = "<group>"; };
		B263FD121244145800BD6522 /* ASICacheDelegate.h */ = {isa = PBXFileReference; fileEncoding = 4; lastKnownFileType = sourcecode.c.h; path = ASICacheDelegate.h; sourceTree = "<group>"; };
		B263FD131244145800BD6522 /* ASIDownloadCache.h */ = {isa = PBXFileReference; fileEncoding = 4; lastKnownFileType = sourcecode.c.h; path = ASIDownloadCache.h; sourceTree = "<group>"; };
		B263FD141244145800BD6522 /* ASIDownloadCache.m */ = {isa = PBXFileReference; fileEncoding = 4; lastKnownFileType = sourcecode.c.objc; path = ASIDownloadCache.m; sourceTree = "<group>"; };
		B263FD151244145800BD6522 /* ASIFormDataRequest.h */ = {isa = PBXFileReference; fileEncoding = 4; lastKnownFileType = sourcecode.c.h; path = ASIFormDataRequest.h; sourceTree = "<group>"; };
		B263FD161244145800BD6522 /* ASIFormDataRequest.m */ = {isa = PBXFileReference; fileEncoding = 4; lastKnownFileType = sourcecode.c.objc; path = ASIFormDataRequest.m; sourceTree = "<group>"; };
		B263FD171244145800BD6522 /* ASIHTTPRequest.h */ = {isa = PBXFileReference; fileEncoding = 4; lastKnownFileType = sourcecode.c.h; path = ASIHTTPRequest.h; sourceTree = "<group>"; };
		B263FD181244145800BD6522 /* ASIHTTPRequest.m */ = {isa = PBXFileReference; fileEncoding = 4; lastKnownFileType = sourcecode.c.objc; path = ASIHTTPRequest.m; sourceTree = "<group>"; };
		B263FD191244145800BD6522 /* ASIHTTPRequestConfig.h */ = {isa = PBXFileReference; fileEncoding = 4; lastKnownFileType = sourcecode.c.h; path = ASIHTTPRequestConfig.h; sourceTree = "<group>"; };
		B263FD1A1244145800BD6522 /* ASIHTTPRequestDelegate.h */ = {isa = PBXFileReference; fileEncoding = 4; lastKnownFileType = sourcecode.c.h; path = ASIHTTPRequestDelegate.h; sourceTree = "<group>"; };
		B263FD1B1244145800BD6522 /* ASIInputStream.h */ = {isa = PBXFileReference; fileEncoding = 4; lastKnownFileType = sourcecode.c.h; path = ASIInputStream.h; sourceTree = "<group>"; };
		B263FD1C1244145800BD6522 /* ASIInputStream.m */ = {isa = PBXFileReference; fileEncoding = 4; lastKnownFileType = sourcecode.c.objc; path = ASIInputStream.m; sourceTree = "<group>"; };
		B263FD1D1244145800BD6522 /* ASINetworkQueue.h */ = {isa = PBXFileReference; fileEncoding = 4; lastKnownFileType = sourcecode.c.h; path = ASINetworkQueue.h; sourceTree = "<group>"; };
		B263FD1E1244145800BD6522 /* ASINetworkQueue.m */ = {isa = PBXFileReference; fileEncoding = 4; lastKnownFileType = sourcecode.c.objc; path = ASINetworkQueue.m; sourceTree = "<group>"; };
		B263FD1F1244145800BD6522 /* ASIProgressDelegate.h */ = {isa = PBXFileReference; fileEncoding = 4; lastKnownFileType = sourcecode.c.h; path = ASIProgressDelegate.h; sourceTree = "<group>"; };
		B263FF1C1244145900BD6522 /* Reachability.h */ = {isa = PBXFileReference; fileEncoding = 4; lastKnownFileType = sourcecode.c.h; path = Reachability.h; sourceTree = "<group>"; };
		B263FF1D1244145900BD6522 /* Reachability.m */ = {isa = PBXFileReference; fileEncoding = 4; lastKnownFileType = sourcecode.c.objc; path = Reachability.m; sourceTree = "<group>"; };
		B263FF801244145900BD6522 /* JSON.h */ = {isa = PBXFileReference; fileEncoding = 4; lastKnownFileType = sourcecode.c.h; path = JSON.h; sourceTree = "<group>"; };
		B263FF811244145900BD6522 /* NSObject+SBJSON.h */ = {isa = PBXFileReference; fileEncoding = 4; lastKnownFileType = sourcecode.c.h; path = "NSObject+SBJSON.h"; sourceTree = "<group>"; };
		B263FF821244145900BD6522 /* NSObject+SBJSON.m */ = {isa = PBXFileReference; fileEncoding = 4; lastKnownFileType = sourcecode.c.objc; path = "NSObject+SBJSON.m"; sourceTree = "<group>"; };
		B263FF831244145900BD6522 /* NSString+SBJSON.h */ = {isa = PBXFileReference; fileEncoding = 4; lastKnownFileType = sourcecode.c.h; path = "NSString+SBJSON.h"; sourceTree = "<group>"; };
		B263FF841244145900BD6522 /* NSString+SBJSON.m */ = {isa = PBXFileReference; fileEncoding = 4; lastKnownFileType = sourcecode.c.objc; path = "NSString+SBJSON.m"; sourceTree = "<group>"; };
		B263FF851244145900BD6522 /* SBJsonBase.h */ = {isa = PBXFileReference; fileEncoding = 4; lastKnownFileType = sourcecode.c.h; path = SBJsonBase.h; sourceTree = "<group>"; };
		B263FF861244145900BD6522 /* SBJsonBase.m */ = {isa = PBXFileReference; fileEncoding = 4; lastKnownFileType = sourcecode.c.objc; path = SBJsonBase.m; sourceTree = "<group>"; };
		B263FF871244145900BD6522 /* SBJsonParser.h */ = {isa = PBXFileReference; fileEncoding = 4; lastKnownFileType = sourcecode.c.h; path = SBJsonParser.h; sourceTree = "<group>"; };
		B263FF881244145900BD6522 /* SBJsonParser.m */ = {isa = PBXFileReference; fileEncoding = 4; lastKnownFileType = sourcecode.c.objc; path = SBJsonParser.m; sourceTree = "<group>"; };
		B263FF891244145900BD6522 /* SBJsonWriter.h */ = {isa = PBXFileReference; fileEncoding = 4; lastKnownFileType = sourcecode.c.h; path = SBJsonWriter.h; sourceTree = "<group>"; };
		B263FF8A1244145900BD6522 /* SBJsonWriter.m */ = {isa = PBXFileReference; fileEncoding = 4; lastKnownFileType = sourcecode.c.objc; path = SBJsonWriter.m; sourceTree = "<group>"; };
/* End PBXFileReference section */

/* Begin PBXFrameworksBuildPhase section */
		A3289D49122D705500D89A88 /* Frameworks */ = {
			isa = PBXFrameworksBuildPhase;
			buildActionMask = 2147483647;
			files = (
				A3289DAD122D707B00D89A88 /* SystemConfiguration.framework in Frameworks */,
				A3289DAE122D707B00D89A88 /* UIKit.framework in Frameworks */,
			);
			runOnlyForDeploymentPostprocessing = 0;
		};
		A3289EBB122D758F00D89A88 /* Frameworks */ = {
			isa = PBXFrameworksBuildPhase;
			buildActionMask = 2147483647;
			files = (
				A3289EBC122D758F00D89A88 /* SystemConfiguration.framework in Frameworks */,
				A3289EBD122D758F00D89A88 /* UIKit.framework in Frameworks */,
			);
			runOnlyForDeploymentPostprocessing = 0;
		};
/* End PBXFrameworksBuildPhase section */

/* Begin PBXGroup section */
		034768DFFF38A50411DB9C8B /* Products */ = {
			isa = PBXGroup;
			children = (
				A3289D4B122D705500D89A88 /* libLROAuth2Client-Device.a */,
				A3289EC3122D758F00D89A88 /* libLROAuth2Client-Simulator.a */,
			);
			name = Products;
			sourceTree = "<group>";
		};
		0867D691FE84028FC02AAC07 /* Untitled */ = {
			isa = PBXGroup;
			children = (
				08FB77AEFE84172EC02AAC07 /* Classes */,
				B263FCE11244145800BD6522 /* Vendor */,
				32C88DFF0371C24200C91783 /* Other Sources */,
				0867D69AFE84028FC02AAC07 /* Frameworks */,
				034768DFFF38A50411DB9C8B /* Products */,
				B25E603F11CFB44E001DA5CD /* Test App-Info.plist */,
			);
			name = Untitled;
			sourceTree = "<group>";
		};
		0867D69AFE84028FC02AAC07 /* Frameworks */ = {
			isa = PBXGroup;
			children = (
				B25E609B11CFB581001DA5CD /* MobileCoreServices.framework */,
				B25E609711CFB581001DA5CD /* CFNetwork.framework */,
				AACBBE490F95108600F1A2B1 /* Foundation.framework */,
				A3F8C124119DEFD50035081C /* SystemConfiguration.framework */,
				A3F8C126119DEFDE0035081C /* UIKit.framework */,
			);
			name = Frameworks;
			sourceTree = "<group>";
		};
		08FB77AEFE84172EC02AAC07 /* Classes */ = {
			isa = PBXGroup;
			children = (
				A3F8C12D119DEFF80035081C /* Categories */,
				A3F8BFB9119DEE390035081C /* LROAuth2 */,
			);
			path = Classes;
			sourceTree = "<group>";
		};
		32C88DFF0371C24200C91783 /* Other Sources */ = {
			isa = PBXGroup;
			children = (
				AA747D9E0F9514B9006C5449 /* LROAuth2Client_Prefix.pch */,
			);
			name = "Other Sources";
			sourceTree = "<group>";
		};
		A3F8BFB9119DEE390035081C /* LROAuth2 */ = {
			isa = PBXGroup;
			children = (
				A3F8BFBA119DEE450035081C /* LROAuth2Client.h */,
				A3F8BFBB119DEE450035081C /* LROAuth2Client.m */,
				A3F8BFBC119DEE450035081C /* LROAuth2ClientDelegate.h */,
				A3F8BFBD119DEE450035081C /* LROAuth2AccessToken.h */,
				A3F8BFBE119DEE450035081C /* LROAuth2AccessToken.m */,
			);
			name = LROAuth2;
			sourceTree = "<group>";
		};
		A3F8C12D119DEFF80035081C /* Categories */ = {
			isa = PBXGroup;
			children = (
				A3F8C254119DF7790035081C /* NSDictionary+QueryString.h */,
				A3F8C24B119DF7420035081C /* NSDictionary+QueryString.m */,
				A3F8C258119DF79D0035081C /* NSString+QueryString.h */,
				A3F8C24C119DF7420035081C /* NSString+QueryString.m */,
				A3F8C12F119DF00C0035081C /* NSURL+QueryInspector.h */,
				A3F8C130119DF00D0035081C /* NSURL+QueryInspector.m */,
			);
			name = Categories;
			path = ..;
			sourceTree = "<group>";
		};
		B263FCE11244145800BD6522 /* Vendor */ = {
			isa = PBXGroup;
			children = (
				B263FCE21244145800BD6522 /* ASIHTTPRequest */,
				B263FF571244145900BD6522 /* JSON */,
			);
			path = Vendor;
			sourceTree = "<group>";
		};
		B263FCE21244145800BD6522 /* ASIHTTPRequest */ = {
			isa = PBXGroup;
			children = (
				B263FD0F1244145800BD6522 /* Classes */,
				B263FD561244145800BD6522 /* External */,
			);
			path = ASIHTTPRequest;
			sourceTree = "<group>";
		};
		B263FD0F1244145800BD6522 /* Classes */ = {
			isa = PBXGroup;
			children = (
				B263FD101244145800BD6522 /* ASIAuthenticationDialog.h */,
				B263FD111244145800BD6522 /* ASIAuthenticationDialog.m */,
				B263FD121244145800BD6522 /* ASICacheDelegate.h */,
				B263FD131244145800BD6522 /* ASIDownloadCache.h */,
				B263FD141244145800BD6522 /* ASIDownloadCache.m */,
				B263FD151244145800BD6522 /* ASIFormDataRequest.h */,
				B263FD161244145800BD6522 /* ASIFormDataRequest.m */,
				B263FD171244145800BD6522 /* ASIHTTPRequest.h */,
				B263FD181244145800BD6522 /* ASIHTTPRequest.m */,
				B263FD191244145800BD6522 /* ASIHTTPRequestConfig.h */,
				B263FD1A1244145800BD6522 /* ASIHTTPRequestDelegate.h */,
				B263FD1B1244145800BD6522 /* ASIInputStream.h */,
				B263FD1C1244145800BD6522 /* ASIInputStream.m */,
				B263FD1D1244145800BD6522 /* ASINetworkQueue.h */,
				B263FD1E1244145800BD6522 /* ASINetworkQueue.m */,
				B263FD1F1244145800BD6522 /* ASIProgressDelegate.h */,
			);
			path = Classes;
			sourceTree = "<group>";
		};
		B263FD561244145800BD6522 /* External */ = {
			isa = PBXGroup;
			children = (
				B263FF1B1244145900BD6522 /* Reachability */,
			);
			path = External;
			sourceTree = "<group>";
		};
		B263FF1B1244145900BD6522 /* Reachability */ = {
			isa = PBXGroup;
			children = (
				B263FF1C1244145900BD6522 /* Reachability.h */,
				B263FF1D1244145900BD6522 /* Reachability.m */,
			);
			path = Reachability;
			sourceTree = "<group>";
		};
		B263FF571244145900BD6522 /* JSON */ = {
			isa = PBXGroup;
			children = (
				B263FF7F1244145900BD6522 /* Classes */,
			);
			path = JSON;
			sourceTree = "<group>";
		};
		B263FF7F1244145900BD6522 /* Classes */ = {
			isa = PBXGroup;
			children = (
				B263FF801244145900BD6522 /* JSON.h */,
				B263FF811244145900BD6522 /* NSObject+SBJSON.h */,
				B263FF821244145900BD6522 /* NSObject+SBJSON.m */,
				B263FF831244145900BD6522 /* NSString+SBJSON.h */,
				B263FF841244145900BD6522 /* NSString+SBJSON.m */,
				B263FF851244145900BD6522 /* SBJsonBase.h */,
				B263FF861244145900BD6522 /* SBJsonBase.m */,
				B263FF871244145900BD6522 /* SBJsonParser.h */,
				B263FF881244145900BD6522 /* SBJsonParser.m */,
				B263FF891244145900BD6522 /* SBJsonWriter.h */,
				B263FF8A1244145900BD6522 /* SBJsonWriter.m */,
			);
			path = Classes;
			sourceTree = "<group>";
		};
/* End PBXGroup section */

/* Begin PBXHeadersBuildPhase section */
		A3289D47122D705500D89A88 /* Headers */ = {
			isa = PBXHeadersBuildPhase;
			buildActionMask = 2147483647;
			files = (
				A3289FD6122D819500D89A88 /* LROAuth2Client.h in Headers */,
				A3289FD7122D819500D89A88 /* LROAuth2ClientDelegate.h in Headers */,
				A3289FD8122D819500D89A88 /* LROAuth2AccessToken.h in Headers */,
				B263000A1244145900BD6522 /* ASIAuthenticationDialog.h in Headers */,
				B263000C1244145900BD6522 /* ASICacheDelegate.h in Headers */,
				B263000D1244145900BD6522 /* ASIDownloadCache.h in Headers */,
				B263000F1244145900BD6522 /* ASIFormDataRequest.h in Headers */,
				B26300111244145900BD6522 /* ASIHTTPRequest.h in Headers */,
				B26300131244145900BD6522 /* ASIHTTPRequestConfig.h in Headers */,
				B26300141244145900BD6522 /* ASIHTTPRequestDelegate.h in Headers */,
				B26300151244145900BD6522 /* ASIInputStream.h in Headers */,
				B26300171244145900BD6522 /* ASINetworkQueue.h in Headers */,
				B26300191244145900BD6522 /* ASIProgressDelegate.h in Headers */,
				B26300CC1244145900BD6522 /* Reachability.h in Headers */,
				B26300EB1244145900BD6522 /* JSON.h in Headers */,
				B26300EC1244145900BD6522 /* NSObject+SBJSON.h in Headers */,
				B26300EE1244145900BD6522 /* NSString+SBJSON.h in Headers */,
				B26300F01244145900BD6522 /* SBJsonBase.h in Headers */,
				B26300F21244145900BD6522 /* SBJsonParser.h in Headers */,
				B26300F41244145900BD6522 /* SBJsonWriter.h in Headers */,
			);
			runOnlyForDeploymentPostprocessing = 0;
		};
		A3289EB4122D758F00D89A88 /* Headers */ = {
			isa = PBXHeadersBuildPhase;
			buildActionMask = 2147483647;
			files = (
				A3289FD9122D819800D89A88 /* LROAuth2Client.h in Headers */,
				A3289FDA122D819800D89A88 /* LROAuth2ClientDelegate.h in Headers */,
				A3289FDB122D819800D89A88 /* LROAuth2AccessToken.h in Headers */,
			);
			runOnlyForDeploymentPostprocessing = 0;
		};
/* End PBXHeadersBuildPhase section */

/* Begin PBXNativeTarget section */
		A3289D4A122D705500D89A88 /* LROAuth2Client-Device */ = {
			isa = PBXNativeTarget;
			buildConfigurationList = A3289DCD122D70A800D89A88 /* Build configuration list for PBXNativeTarget "LROAuth2Client-Device" */;
			buildPhases = (
				A3289D47122D705500D89A88 /* Headers */,
				A3289D48122D705500D89A88 /* Sources */,
				A3289D49122D705500D89A88 /* Frameworks */,
			);
			buildRules = (
			);
			dependencies = (
			);
			name = "LROAuth2Client-Device";
			productName = libLROAuth2Client;
			productReference = A3289D4B122D705500D89A88 /* libLROAuth2Client-Device.a */;
			productType = "com.apple.product-type.library.static";
		};
		A3289EB3122D758F00D89A88 /* LROAuth2Client-Simulator */ = {
			isa = PBXNativeTarget;
			buildConfigurationList = A3289EC0122D758F00D89A88 /* Build configuration list for PBXNativeTarget "LROAuth2Client-Simulator" */;
			buildPhases = (
				A3289EB4122D758F00D89A88 /* Headers */,
				A3289EB5122D758F00D89A88 /* Sources */,
				A3289EBB122D758F00D89A88 /* Frameworks */,
			);
			buildRules = (
			);
			dependencies = (
			);
			name = "LROAuth2Client-Simulator";
			productName = libLROAuth2Client;
			productReference = A3289EC3122D758F00D89A88 /* libLROAuth2Client-Simulator.a */;
			productType = "com.apple.product-type.library.static";
		};
/* End PBXNativeTarget section */

/* Begin PBXProject section */
		0867D690FE84028FC02AAC07 /* Project object */ = {
			isa = PBXProject;
			buildConfigurationList = 1DEB922208733DC00010E9CD /* Build configuration list for PBXProject "LROAuth2Client" */;
			compatibilityVersion = "Xcode 3.1";
			developmentRegion = English;
			hasScannedForEncodings = 1;
			knownRegions = (
				English,
				Japanese,
				French,
				German,
			);
			mainGroup = 0867D691FE84028FC02AAC07 /* Untitled */;
			productRefGroup = 034768DFFF38A50411DB9C8B /* Products */;
			projectDirPath = "";
			projectRoot = "";
			targets = (
				A3289D4A122D705500D89A88 /* LROAuth2Client-Device */,
				A3289EB3122D758F00D89A88 /* LROAuth2Client-Simulator */,
			);
		};
/* End PBXProject section */

/* Begin PBXSourcesBuildPhase section */
		A3289D48122D705500D89A88 /* Sources */ = {
			isa = PBXSourcesBuildPhase;
			buildActionMask = 2147483647;
			files = (
				A3289DAF122D708700D89A88 /* NSDictionary+QueryString.m in Sources */,
				A3289DB0122D708700D89A88 /* NSString+QueryString.m in Sources */,
				A3289DB1122D708700D89A88 /* NSURL+QueryInspector.m in Sources */,
				A3289DB2122D708700D89A88 /* LROAuth2Client.m in Sources */,
				A3289DB3122D708700D89A88 /* LROAuth2AccessToken.m in Sources */,
				B263000B1244145900BD6522 /* ASIAuthenticationDialog.m in Sources */,
				B263000E1244145900BD6522 /* ASIDownloadCache.m in Sources */,
				B26300101244145900BD6522 /* ASIFormDataRequest.m in Sources */,
				B26300121244145900BD6522 /* ASIHTTPRequest.m in Sources */,
				B26300161244145900BD6522 /* ASIInputStream.m in Sources */,
				B26300181244145900BD6522 /* ASINetworkQueue.m in Sources */,
				B26300CD1244145900BD6522 /* Reachability.m in Sources */,
				B26300ED1244145900BD6522 /* NSObject+SBJSON.m in Sources */,
				B26300EF1244145900BD6522 /* NSString+SBJSON.m in Sources */,
				B26300F11244145900BD6522 /* SBJsonBase.m in Sources */,
				B26300F31244145900BD6522 /* SBJsonParser.m in Sources */,
				B26300F51244145900BD6522 /* SBJsonWriter.m in Sources */,
			);
			runOnlyForDeploymentPostprocessing = 0;
		};
		A3289EB5122D758F00D89A88 /* Sources */ = {
			isa = PBXSourcesBuildPhase;
			buildActionMask = 2147483647;
			files = (
				A3289EB6122D758F00D89A88 /* NSDictionary+QueryString.m in Sources */,
				A3289EB7122D758F00D89A88 /* NSString+QueryString.m in Sources */,
				A3289EB8122D758F00D89A88 /* NSURL+QueryInspector.m in Sources */,
				A3289EB9122D758F00D89A88 /* LROAuth2Client.m in Sources */,
				A3289EBA122D758F00D89A88 /* LROAuth2AccessToken.m in Sources */,
			);
			runOnlyForDeploymentPostprocessing = 0;
		};
/* End PBXSourcesBuildPhase section */

/* Begin XCBuildConfiguration section */
		1DEB922308733DC00010E9CD /* Debug */ = {
			isa = XCBuildConfiguration;
			buildSettings = {
				ARCHS = "$(ARCHS_STANDARD_32_BIT)";
				GCC_C_LANGUAGE_STANDARD = c99;
				GCC_OPTIMIZATION_LEVEL = 0;
				GCC_WARN_ABOUT_RETURN_TYPE = YES;
				GCC_WARN_UNUSED_VARIABLE = YES;
				IPHONEOS_DEPLOYMENT_TARGET = 3.0;
				OTHER_LDFLAGS = "-ObjC";
				PREBINDING = NO;
				SDKROOT = iphoneos4.0;
			};
			name = Debug;
		};
		1DEB922408733DC00010E9CD /* Release */ = {
			isa = XCBuildConfiguration;
			buildSettings = {
				ARCHS = "$(ARCHS_STANDARD_32_BIT)";
				GCC_C_LANGUAGE_STANDARD = c99;
				GCC_WARN_ABOUT_RETURN_TYPE = YES;
				GCC_WARN_UNUSED_VARIABLE = YES;
				IPHONEOS_DEPLOYMENT_TARGET = 3.0;
				OTHER_LDFLAGS = "-ObjC";
				PREBINDING = NO;
				SDKROOT = iphoneos4.0;
			};
			name = Release;
		};
		A3289D4C122D705600D89A88 /* Debug */ = {
			isa = XCBuildConfiguration;
			buildSettings = {
				ALWAYS_SEARCH_USER_PATHS = NO;
				COPY_PHASE_STRIP = NO;
				FRAMEWORK_SEARCH_PATHS = (
					"$(inherited)",
					"\"$(SRCROOT)/Vendor/yajl-objc/Project-IPhone/build/Framework\"",
					"\"$(SRCROOT)/Classes\"",
					"\"$(SRCROOT)/Vendor\"",
					"\"$(SRCROOT)/Vendor/ASIHTTPRequest/External/GHUnit/Examples/MyTestable-MacOSX/Libraries\"",
					"\"$(SRCROOT)/Vendor/ASIHTTPRequest/External/GHUnit/Project/Plugins/BWToolkitForLeopard.ibplugin/Contents/Frameworks\"",
					"\"$(SRCROOT)/Vendor/ASIHTTPRequest/External/GHUnit/Project/Plugins/BWToolkitForSnowLeopard.ibplugin/Contents/Frameworks\"",
				);
				GCC_DYNAMIC_NO_PIC = NO;
				GCC_OPTIMIZATION_LEVEL = 0;
				GCC_PREFIX_HEADER = LROAuth2Client_Prefix.pch;
				LIBRARY_SEARCH_PATHS = (
					"$(inherited)",
					"\"$(SRCROOT)/Vendor/ASIHTTPRequest/External/GHUnit/Examples/MyTestable-IPhone/Libraries/libGHUnitIPhone3_0-0.4.18\"",
				);
				OTHER_LDFLAGS = (
					"-ObjC",
					"-all_load",
				);
				PREBINDING = NO;
				PRODUCT_NAME = "LROAuth2Client-Device";
				SDKROOT = iphoneos4.0;
			};
			name = Debug;
		};
		A3289D4D122D705600D89A88 /* Release */ = {
			isa = XCBuildConfiguration;
			buildSettings = {
				ALWAYS_SEARCH_USER_PATHS = NO;
				COPY_PHASE_STRIP = YES;
				DEBUG_INFORMATION_FORMAT = "dwarf-with-dsym";
				FRAMEWORK_SEARCH_PATHS = (
					"$(inherited)",
					"\"$(SRCROOT)/Vendor/yajl-objc/Project-IPhone/build/Framework\"",
					"\"$(SRCROOT)/Classes\"",
					"\"$(SRCROOT)/Vendor\"",
					"\"$(SRCROOT)/Vendor/ASIHTTPRequest/External/GHUnit/Examples/MyTestable-MacOSX/Libraries\"",
					"\"$(SRCROOT)/Vendor/ASIHTTPRequest/External/GHUnit/Project/Plugins/BWToolkitForLeopard.ibplugin/Contents/Frameworks\"",
					"\"$(SRCROOT)/Vendor/ASIHTTPRequest/External/GHUnit/Project/Plugins/BWToolkitForSnowLeopard.ibplugin/Contents/Frameworks\"",
				);
				GCC_ENABLE_FIX_AND_CONTINUE = NO;
				GCC_PREFIX_HEADER = LROAuth2Client_Prefix.pch;
				LIBRARY_SEARCH_PATHS = (
					"$(inherited)",
					"\"$(SRCROOT)/Vendor/ASIHTTPRequest/External/GHUnit/Examples/MyTestable-IPhone/Libraries/libGHUnitIPhone3_0-0.4.18\"",
				);
				OTHER_LDFLAGS = (
					"-ObjC",
					"-all_load",
				);
				PREBINDING = NO;
				PRODUCT_NAME = "LROAuth2Client-Device";
				SDKROOT = iphoneos4.0;
				ZERO_LINK = NO;
			};
			name = Release;
		};
		A3289EC1122D758F00D89A88 /* Debug */ = {
			isa = XCBuildConfiguration;
			buildSettings = {
				ALWAYS_SEARCH_USER_PATHS = NO;
				COPY_PHASE_STRIP = NO;
				FRAMEWORK_SEARCH_PATHS = (
					"$(inherited)",
					"\"$(SRCROOT)/Vendor/yajl-objc/Project-IPhone/build/Framework\"",
					"\"$(SRCROOT)/Classes\"",
					"\"$(SRCROOT)/Vendor\"",
				);
				GCC_DYNAMIC_NO_PIC = NO;
				GCC_OPTIMIZATION_LEVEL = 0;
				GCC_PREFIX_HEADER = LROAuth2Client_Prefix.pch;
				OTHER_LDFLAGS = (
					"-ObjC",
					"-all_load",
				);
				PREBINDING = NO;
				PRODUCT_NAME = "LROAuth2Client-Simulator";
				SDKROOT = iphonesimulator4.0;
			};
			name = Debug;
		};
		A3289EC2122D758F00D89A88 /* Release */ = {
			isa = XCBuildConfiguration;
			buildSettings = {
				ALWAYS_SEARCH_USER_PATHS = NO;
				COPY_PHASE_STRIP = YES;
				DEBUG_INFORMATION_FORMAT = "dwarf-with-dsym";
				FRAMEWORK_SEARCH_PATHS = (
					"$(inherited)",
					"\"$(SRCROOT)/Vendor/yajl-objc/Project-IPhone/build/Framework\"",
					"\"$(SRCROOT)/Classes\"",
					"\"$(SRCROOT)/Vendor\"",
				);
				GCC_ENABLE_FIX_AND_CONTINUE = NO;
				GCC_PREFIX_HEADER = LROAuth2Client_Prefix.pch;
				OTHER_LDFLAGS = (
					"-ObjC",
					"-all_load",
				);
				PREBINDING = NO;
				PRODUCT_NAME = "LROAuth2Client-Simulator";
				SDKROOT = iphonesimulator4.0;
				ZERO_LINK = NO;
			};
			name = Release;
		};
/* End XCBuildConfiguration section */

/* Begin XCConfigurationList section */
		1DEB922208733DC00010E9CD /* Build configuration list for PBXProject "LROAuth2Client" */ = {
			isa = XCConfigurationList;
			buildConfigurations = (
				1DEB922308733DC00010E9CD /* Debug */,
				1DEB922408733DC00010E9CD /* Release */,
			);
			defaultConfigurationIsVisible = 0;
			defaultConfigurationName = Release;
		};
		A3289DCD122D70A800D89A88 /* Build configuration list for PBXNativeTarget "LROAuth2Client-Device" */ = {
			isa = XCConfigurationList;
			buildConfigurations = (
				A3289D4C122D705600D89A88 /* Debug */,
				A3289D4D122D705600D89A88 /* Release */,
			);
			defaultConfigurationIsVisible = 0;
			defaultConfigurationName = Release;
		};
		A3289EC0122D758F00D89A88 /* Build configuration list for PBXNativeTarget "LROAuth2Client-Simulator" */ = {
			isa = XCConfigurationList;
			buildConfigurations = (
				A3289EC1122D758F00D89A88 /* Debug */,
				A3289EC2122D758F00D89A88 /* Release */,
			);
			defaultConfigurationIsVisible = 0;
			defaultConfigurationName = Release;
		};
/* End XCConfigurationList section */
	};
	rootObject = 0867D690FE84028FC02AAC07 /* Project object */;
}
